{
  "version": 4,
  "terraform_version": "1.6.3",
  "serial": 10,
  "lineage": "97887fd9-bc34-e37e-4004-211db208fd12",
  "outputs": {
    "instance_ip": {
      "value": "34.27.67.192",
      "type": "string"
    }
  },
  "resources": [
    {
      "mode": "managed",
      "type": "google_compute_instance",
      "name": "default",
      "provider": "provider[\"registry.terraform.io/hashicorp/google\"]",
      "instances": [
        {
          "schema_version": 6,
          "attributes": {
            "advanced_machine_features": [],
            "allow_stopping_for_update": null,
            "attached_disk": [],
            "boot_disk": [
              {
                "auto_delete": true,
                "device_name": "persistent-disk-0",
                "disk_encryption_key_raw": "",
                "disk_encryption_key_sha256": "",
                "initialize_params": [
                  {
                    "image": "https://www.googleapis.com/compute/v1/projects/debian-cloud/global/images/debian-11-bullseye-v20231010",
                    "labels": {},
                    "resource_manager_tags": null,
                    "size": 100,
                    "type": "pd-standard"
                  }
                ],
                "kms_key_self_link": "",
                "mode": "READ_WRITE",
                "source": "https://www.googleapis.com/compute/v1/projects/crucial-oven-386720/zones/us-central1-a/disks/terraform-instance"
              }
            ],
            "can_ip_forward": false,
            "confidential_instance_config": [],
            "cpu_platform": "Intel Broadwell",
            "current_status": "RUNNING",
            "deletion_protection": false,
            "description": "",
            "desired_status": null,
            "effective_labels": {},
            "enable_display": false,
            "guest_accelerator": [],
            "hostname": "",
            "id": "projects/crucial-oven-386720/zones/us-central1-a/instances/terraform-instance",
            "instance_id": "1286669065689028178",
            "label_fingerprint": "42WmSpB8rSM=",
            "labels": null,
            "machine_type": "e2-highmem-8",
            "metadata": {
              "sysprep-specialize-script-ps1": "\n# Set the URL of the Git repository\nGIT_REPO_URL=\"https://github.com/PyPSA/pypsa-eur.git\"\n# Set the path to the environment file relative to the git repository root\nENV_FILE_PATH=\"envs/environment.yaml\"\n\nENV_NAME=\"pypsa-eur\"\n\n# Update package lists\nsudo apt-get update -y\n\nsudo apt-get install wget -y\n\n# Install Git\nsudo apt-get install git -y\n\n# Clone the specified Git repository\ngit clone $GIT_REPO_URL\n# Assuming the repository's name is the last part of the URL\nREPO_NAME=$(basename $GIT_REPO_URL .git)\n# Change directory to the repository\ncd $REPO_NAME\n\n# Install Mamba package manager\n# We first install Miniconda which is a minimal installer for Conda\n# Then we use Conda to install Mamba\nwget https://repo.anaconda.com/miniconda/Miniconda3-latest-Linux-x86_64.sh -O miniconda.sh\nbash miniconda.sh -b -p $HOME/miniconda\nsource \"$HOME/miniconda/etc/profile.d/conda.sh\"\nconda install mamba -n base -c conda-forge\n\n# Cleanup downloaded files\nrm miniconda.sh\n\n# Create the environment using Mamba and the environment file\nmamba env create -f $ENV_FILE_PATH\n\n# Activate the environment\n# The name of the environment is assumed to be the first line in the environment file after the name: key\nconda activate $ENV_NAME\n\nsnakemake -call results/test-elec/networks/elec_s_6_ec_lcopt_Co2L-24H.nc --configfile config/test/config.electricity.yaml\n\n\n"
            },
            "metadata_fingerprint": "iockXdiUW64=",
            "metadata_startup_script": null,
            "min_cpu_platform": "",
            "name": "terraform-instance",
            "network_interface": [
              {
                "access_config": [
                  {
                    "nat_ip": "34.27.67.192",
                    "network_tier": "PREMIUM",
                    "public_ptr_domain_name": ""
                  }
                ],
                "alias_ip_range": [],
                "internal_ipv6_prefix_length": 0,
                "ipv6_access_config": [],
                "ipv6_access_type": "",
                "ipv6_address": "",
                "name": "nic0",
                "network": "https://www.googleapis.com/compute/v1/projects/crucial-oven-386720/global/networks/default",
                "network_ip": "10.128.0.10",
                "nic_type": "",
                "queue_count": 0,
                "stack_type": "IPV4_ONLY",
                "subnetwork": "https://www.googleapis.com/compute/v1/projects/crucial-oven-386720/regions/us-central1/subnetworks/default",
                "subnetwork_project": "crucial-oven-386720"
              }
            ],
            "network_performance_config": [],
            "params": [],
            "project": "crucial-oven-386720",
            "reservation_affinity": [],
            "resource_policies": null,
            "scheduling": [
              {
                "automatic_restart": true,
                "instance_termination_action": "",
                "local_ssd_recovery_timeout": [],
                "min_node_cpus": 0,
                "node_affinities": [],
                "on_host_maintenance": "MIGRATE",
                "preemptible": false,
                "provisioning_model": "STANDARD"
              }
            ],
            "scratch_disk": [],
            "self_link": "https://www.googleapis.com/compute/v1/projects/crucial-oven-386720/zones/us-central1-a/instances/terraform-instance",
            "service_account": [],
            "shielded_instance_config": [
              {
                "enable_integrity_monitoring": true,
                "enable_secure_boot": false,
                "enable_vtpm": true
              }
            ],
            "tags": null,
            "tags_fingerprint": "42WmSpB8rSM=",
            "terraform_labels": {},
            "timeouts": null,
            "zone": "us-central1-a"
          },
          "sensitive_attributes": [],
          "private": "eyJlMmJmYjczMC1lY2FhLTExZTYtOGY4OC0zNDM2M2JjN2M0YzAiOnsiY3JlYXRlIjoxMjAwMDAwMDAwMDAwLCJkZWxldGUiOjEyMDAwMDAwMDAwMDAsInVwZGF0ZSI6MTIwMDAwMDAwMDAwMH0sInNjaGVtYV92ZXJzaW9uIjoiNiJ9"
        }
      ]
    }
  ],
  "check_results": null
}
